// !$*UTF8*$!
{
	archiveVersion = 1;
	classes = {
	};
	objectVersion = 46;
	objects = {

/* Begin PBXBuildFile section */
		DE487F1F1DED3CB20031DAB7 /* AppDelegate.swift in Sources */ = {isa = PBXBuildFile; fileRef = DE487F1E1DED3CB20031DAB7 /* AppDelegate.swift */; };
		DE487F211DED3CB20031DAB7 /* ViewController.swift in Sources */ = {isa = PBXBuildFile; fileRef = DE487F201DED3CB20031DAB7 /* ViewController.swift */; };
		DE487F241DED3CB20031DAB7 /* Main.storyboard in Resources */ = {isa = PBXBuildFile; fileRef = DE487F221DED3CB20031DAB7 /* Main.storyboard */; };
		DE487F271DED3CB20031DAB7 /* _016final.xcdatamodeld in Sources */ = {isa = PBXBuildFile; fileRef = DE487F251DED3CB20031DAB7 /* _016final.xcdatamodeld */; };
		DE487F291DED3CB20031DAB7 /* Assets.xcassets in Resources */ = {isa = PBXBuildFile; fileRef = DE487F281DED3CB20031DAB7 /* Assets.xcassets */; };
		DE487F2C1DED3CB20031DAB7 /* LaunchScreen.storyboard in Resources */ = {isa = PBXBuildFile; fileRef = DE487F2A1DED3CB20031DAB7 /* LaunchScreen.storyboard */; };
/* End PBXBuildFile section */

/* Begin PBXFileReference section */
		DE487F1B1DED3CB20031DAB7 /* 2016final.app */ = {isa = PBXFileReference; explicitFileType = wrapper.application; includeInIndex = 0; path = 2016final.app; sourceTree = BUILT_PRODUCTS_DIR; };
		DE487F1E1DED3CB20031DAB7 /* AppDelegate.swift */ = {isa = PBXFileReference; lastKnownFileType = sourcecode.swift; path = AppDelegate.swift; sourceTree = "<group>"; };
		DE487F201DED3CB20031DAB7 /* ViewController.swift */ = {isa = PBXFileReference; lastKnownFileType = sourcecode.swift; path = ViewController.swift; sourceTree = "<group>"; };
		DE487F231DED3CB20031DAB7 /* Base */ = {isa = PBXFileReference; lastKnownFileType = file.storyboard; name = Base; path = Base.lproj/Main.storyboard; sourceTree = "<group>"; };
		DE487F261DED3CB20031DAB7 /* _016final.xcdatamodel */ = {isa = PBXFileReference; lastKnownFileType = wrapper.xcdatamodel; path = _016final.xcdatamodel; sourceTree = "<group>"; };
		DE487F281DED3CB20031DAB7 /* Assets.xcassets */ = {isa = PBXFileReference; lastKnownFileType = folder.assetcatalog; path = Assets.xcassets; sourceTree = "<group>"; };
		DE487F2B1DED3CB20031DAB7 /* Base */ = {isa = PBXFileReference; lastKnownFileType = file.storyboard; name = Base; path = Base.lproj/LaunchScreen.storyboard; sourceTree = "<group>"; };
		DE487F2D1DED3CB20031DAB7 /* Info.plist */ = {isa = PBXFileReference; lastKnownFileType = text.plist.xml; path = Info.plist; sourceTree = "<group>"; };
/* End PBXFileReference section */

/* Begin PBXFrameworksBuildPhase section */
		DE487F181DED3CB20031DAB7 /* Frameworks */ = {
			isa = PBXFrameworksBuildPhase;
			buildActionMask = 2147483647;
			files = (
			);
			runOnlyForDeploymentPostprocessing = 0;
		};
/* End PBXFrameworksBuildPhase section */

/* Begin PBXGroup section */
		DE487F121DED3CB20031DAB7 = {
			isa = PBXGroup;
			children = (
				DE487F1D1DED3CB20031DAB7 /* 2016final */,
				DE487F1C1DED3CB20031DAB7 /* Products */,
			);
			sourceTree = "<group>";
		};
		DE487F1C1DED3CB20031DAB7 /* Products */ = {
			isa = PBXGroup;
			children = (
				DE487F1B1DED3CB20031DAB7 /* 2016final.app */,
			);
			name = Products;
			sourceTree = "<group>";
		};
		DE487F1D1DED3CB20031DAB7 /* 2016final */ = {
			isa = PBXGroup;
			children = (
				DE487F1E1DED3CB20031DAB7 /* AppDelegate.swift */,
				DE487F201DED3CB20031DAB7 /* ViewController.swift */,
				DE487F221DED3CB20031DAB7 /* Main.storyboard */,
				DE487F281DED3CB20031DAB7 /* Assets.xcassets */,
				DE487F2A1DED3CB20031DAB7 /* LaunchScreen.storyboard */,
				DE487F2D1DED3CB20031DAB7 /* Info.plist */,
				DE487F251DED3CB20031DAB7 /* _016final.xcdatamodeld */,
			);
			path = 2016final;
			sourceTree = "<group>";
		};
/* End PBXGroup section */

/* Begin PBXNativeTarget section */
		DE487F1A1DED3CB20031DAB7 /* 2016final */ = {
			isa = PBXNativeTarget;
			buildConfigurationList = DE487F301DED3CB20031DAB7 /* Build configuration list for PBXNativeTarget "2016final" */;
			buildPhases = (
				DE487F171DED3CB20031DAB7 /* Sources */,
				DE487F181DED3CB20031DAB7 /* Frameworks */,
				DE487F191DED3CB20031DAB7 /* Resources */,
			);
			buildRules = (
			);
			dependencies = (
			);
			name = 2016final;
			productName = 2016final;
			productReference = DE487F1B1DED3CB20031DAB7 /* 2016final.app */;
			productType = "com.apple.product-type.application";
		};
/* End PBXNativeTarget section */

/* Begin PBXProject section */
		DE487F131DED3CB20031DAB7 /* Project object */ = {
			isa = PBXProject;
			attributes = {
				LastSwiftUpdateCheck = 0730;
				LastUpgradeCheck = 0730;
				ORGANIZATIONNAME = DeAnza;
				TargetAttributes = {
					DE487F1A1DED3CB20031DAB7 = {
						CreatedOnToolsVersion = 7.3.1;
					};
				};
			};
			buildConfigurationList = DE487F161DED3CB20031DAB7 /* Build configuration list for PBXProject "2016final" */;
			compatibilityVersion = "Xcode 3.2";
			developmentRegion = English;
			hasScannedForEncodings = 0;
			knownRegions = (
				en,
				Base,
			);
			mainGroup = DE487F121DED3CB20031DAB7;
			productRefGroup = DE487F1C1DED3CB20031DAB7 /* Products */;
			projectDirPath = "";
			projectRoot = "";
			targets = (
				DE487F1A1DED3CB20031DAB7 /* 2016final */,
			);
		};
/* End PBXProject section */

/* Begin PBXResourcesBuildPhase section */
		DE487F191DED3CB20031DAB7 /* Resources */ = {
			isa = PBXResourcesBuildPhase;
			buildActionMask = 2147483647;
			files = (
				DE487F2C1DED3CB20031DAB7 /* LaunchScreen.storyboard in Resources */,
				DE487F291DED3CB20031DAB7 /* Assets.xcassets in Resources */,
				DE487F241DED3CB20031DAB7 /* Main.storyboard in Resources */,
			);
			runOnlyForDeploymentPostprocessing = 0;
		};
/* End PBXResourcesBuildPhase section */

/* Begin PBXSourcesBuildPhase section */
		DE487F171DED3CB20031DAB7 /* Sources */ = {
			isa = PBXSourcesBuildPhase;
			buildActionMask = 2147483647;
			files = (
				DE487F211DED3CB20031DAB7 /* ViewController.swift in Sources */,
				DE487F1F1DED3CB20031DAB7 /* AppDelegate.swift in Sources */,
				DE487F271DED3CB20031DAB7 /* _016final.xcdatamodeld in Sources */,
			);
			runOnlyForDeploymentPostprocessing = 0;
		};
/* End PBXSourcesBuildPhase section */

/* Begin PBXVariantGroup section */
		DE487F221DED3CB20031DAB7 /* Main.storyboard */ = {
			isa = PBXVariantGroup;
			children = (
				DE487F231DED3CB20031DAB7 /* Base */,
			);
			name = Main.storyboard;
			sourceTree = "<group>";
		};
		DE487F2A1DED3CB20031DAB7 /* LaunchScreen.storyboard */ = {
			isa = PBXVariantGroup;
			children = (
				DE487F2B1DED3CB20031DAB7 /* Base */,
			);
			name = LaunchScreen.storyboard;
			sourceTree = "<group>";
		};
/* End PBXVariantGroup section */

/* Begin XCBuildConfiguration section */
		DE487F2E1DED3CB20031DAB7 /* Debug */ = {
			isa = XCBuildConfiguration;
			buildSettings = {
				ALWAYS_SEARCH_USER_PATHS = NO;
				CLANG_ANALYZER_NONNULL = YES;
				CLANG_CXX_LANGUAGE_STANDARD = "gnu++0x";
				CLANG_CXX_LIBRARY = "libc++";
				CLANG_ENABLE_MODULES = YES;
				CLANG_ENABLE_OBJC_ARC = YES;
				CLANG_WARN_BOOL_CONVERSION = YES;
				CLANG_WARN_CONSTANT_CONVERSION = YES;
				CLANG_WARN_DIRECT_OBJC_ISA_USAGE = YES_ERROR;
				CLANG_WARN_EMPTY_BODY = YES;
				CLANG_WARN_ENUM_CONVERSION = YES;
				CLANG_WARN_INT_CONVERSION = YES;
				CLANG_WARN_OBJC_ROOT_CLASS = YES_ERROR;
				CLANG_WARN_UNREACHABLE_CODE = YES;
				CLANG_WARN__DUPLICATE_METHOD_MATCH = YES;
				"CODE_SIGN_IDENTITY[sdk=iphoneos*]" = "iPhone Developer";
				COPY_PHASE_STRIP = NO;
				DEBUG_INFORMATION_FORMAT = dwarf;
				ENABLE_STRICT_OBJC_MSGSEND = YES;
				ENABLE_TESTABILITY = YES;
				GCC_C_LANGUAGE_STANDARD = gnu99;
				GCC_DYNAMIC_NO_PIC = NO;
				GCC_NO_COMMON_BLOCKS = YES;
				GCC_OPTIMIZATION_LEVEL = 0;
				GCC_PREPROCESSOR_DEFINITIONS = (
					"DEBUG=1",
					"$(inherited)",
				);
				GCC_WARN_64_TO_32_BIT_CONVERSION = YES;
				GCC_WARN_ABOUT_RETURN_TYPE = YES_ERROR;
				GCC_WARN_UNDECLARED_SELECTOR = YES;
				GCC_WARN_UNINITIALIZED_AUTOS = YES_AGGRESSIVE;
				GCC_WARN_UNUSED_FUNCTION = YES;
				GCC_WARN_UNUSED_VARIABLE = YES;
				IPHONEOS_DEPLOYMENT_TARGET = 9.3;
				MTL_ENABLE_DEBUG_INFO = YES;
				ONLY_ACTIVE_ARCH = YES;
				SDKROOT = iphoneos;
				SWIFT_OPTIMIZATION_LEVEL = "-Onone";
				TARGETED_DEVICE_FAMILY = "1,2";
			};
			name = Debug;
		};
		DE487F2F1DED3CB20031DAB7 /* Release */ = {
			isa = XCBuildConfiguration;
			buildSettings = {
				ALWAYS_SEARCH_USER_PATHS = NO;
				CLANG_ANALYZER_NONNULL = YES;
				CLANG_CXX_LANGUAGE_STANDARD = "gnu++0x";
				CLANG_CXX_LIBRARY = "libc++";
				CLANG_ENABLE_MODULES = YES;
				CLANG_ENABLE_OBJC_ARC = YES;
				CLANG_WARN_BOOL_CONVERSION = YES;
				CLANG_WARN_CONSTANT_CONVERSION = YES;
				CLANG_WARN_DIRECT_OBJC_ISA_USAGE = YES_ERROR;
				CLANG_WARN_EMPTY_BODY = YES;
				CLANG_WARN_ENUM_CONVERSION = YES;
				CLANG_WARN_INT_CONVERSION = YES;
				CLANG_WARN_OBJC_ROOT_CLASS = YES_ERROR;
				CLANG_WARN_UNREACHABLE_CODE = YES;
				CLANG_WARN__DUPLICATE_METHOD_MATCH = YES;
				"CODE_SIGN_IDENTITY[sdk=iphoneos*]" = "iPhone Developer";
				COPY_PHASE_STRIP = NO;
				DEBUG_INFORMATION_FORMAT = "dwarf-with-dsym";
				ENABLE_NS_ASSERTIONS = NO;
				ENABLE_STRICT_OBJC_MSGSEND = YES;
				GCC_C_LANGUAGE_STANDARD = gnu99;
				GCC_NO_COMMON_BLOCKS = YES;
				GCC_WARN_64_TO_32_BIT_CONVERSION = YES;
				GCC_WARN_ABOUT_RETURN_TYPE = YES_ERROR;
				GCC_WARN_UNDECLARED_SELECTOR = YES;
				GCC_WARN_UNINITIALIZED_AUTOS = YES_AGGRESSIVE;
				GCC_WARN_UNUSED_FUNCTION = YES;
				GCC_WARN_UNUSED_VARIABLE = YES;
				IPHONEOS_DEPLOYMENT_TARGET = 9.3;
				MTL_ENABLE_DEBUG_INFO = NO;
				SDKROOT = iphoneos;
				TARGETED_DEVICE_FAMILY = "1,2";
				VALIDATE_PRODUCT = YES;
			};
			name = Release;
		};
		DE487F311DED3CB20031DAB7 /* Debug */ = {
			isa = XCBuildConfiguration;
			buildSettings = {
				ASSETCATALOG_COMPILER_APPICON_NAME = AppIcon;
				INFOPLIST_FILE = 2016final/Info.plist;
				LD_RUNPATH_SEARCH_PATHS = "$(inherited) @executable_path/Frameworks";
				PRODUCT_BUNDLE_IDENTIFIER = "edu.deanza.mhashemi.-016final";
				PRODUCT_NAME = "$(TARGET_NAME)";
			};
			name = Debug;
		};
		DE487F321DED3CB20031DAB7 /* Release */ = {
			isa = XCBuildConfiguration;
			buildSettings = {
				ASSETCATALOG_COMPILER_APPICON_NAME = AppIcon;
				INFOPLIST_FILE = 2016final/Info.plist;
				LD_RUNPATH_SEARCH_PATHS = "$(inherited) @executable_path/Frameworks";
				PRODUCT_BUNDLE_IDENTIFIER = "edu.deanza.mhashemi.-016final";
				PRODUCT_NAME = "$(TARGET_NAME)";
			};
			name = Release;
		};
/* End XCBuildConfiguration section */

/* Begin XCConfigurationList section */
		DE487F161DED3CB20031DAB7 /* Build configuration list for PBXProject "2016final" */ = {
			isa = XCConfigurationList;
			buildConfigurations = (
				DE487F2E1DED3CB20031DAB7 /* Debug */,
				DE487F2F1DED3CB20031DAB7 /* Release */,
			);
			defaultConfigurationIsVisible = 0;
			defaultConfigurationName = Release;
		};
		DE487F301DED3CB20031DAB7 /* Build configuration list for PBXNativeTarget "2016final" */ = {
			isa = XCConfigurationList;
			buildConfigurations = (
				DE487F311DED3CB20031DAB7 /* Debug */,
				DE487F321DED3CB20031DAB7 /* Release */,
			);
			defaultConfigurationIsVisible = 0;
		};
/* End XCConfigurationList section */

/* Begin XCVersionGroup section */
		DE487F251DED3CB20031DAB7 /* _016final.xcdatamodeld */ = {
			isa = XCVersionGroup;
			children = (
				DE487F261DED3CB20031DAB7 /* _016final.xcdatamodel */,
			);
			currentVersion = DE487F261DED3CB20031DAB7 /* _016final.xcdatamodel */;
			path = _016final.xcdatamodeld;
			sourceTree = "<group>";
			versionGroupType = wrapper.xcdatamodel;
		};
/* End XCVersionGroup section */
	};
	rootObject = DE487F131DED3CB20031DAB7 /* Project object */;
}
